// !$*UTF8*$!
{
	archiveVersion = 1;
	classes = {
	};
	objectVersion = 77;
	objects = {

/* Begin PBXBuildFile section */
		647334FE2FE07FDC0010EDB7 /* Assets.xcassets in Resources */ = {isa = PBXBuildFile; fileRef = 647334FA2FE07FDC0010EDB7 /* Assets.xcassets */; };
		647334FF2FE07FDC0010EDB7 /* ContentView.swift in Sources */ = {isa = PBXBuildFile; fileRef = 647334FB2FE07FDC0010EDB7 /* ContentView.swift */; };
		647335002FE07FDC0010EDB7 /* TransferAppApp.swift in Sources */ = {isa = PBXBuildFile; fileRef = 647334FC2FE07FDC0010EDB7 /* TransferAppApp.swift */; };
		647335082FE080B10010EDB7 /* Transfer.swift in Sources */ = {isa = PBXBuildFile; fileRef = 647335072FE080AA0010EDB7 /* Transfer.swift */; };
		6473350A2FE080C40010EDB7 /* TransferViewModel.swift in Sources */ = {isa = PBXBuildFile; fileRef = 647335092FE080C30010EDB7 /* TransferViewModel.swift */; };
		6473350C2FE080D60010EDB7 /* CreateTransferView.swift in Sources */ = {isa = PBXBuildFile; fileRef = 6473350B2FE080D40010EDB7 /* CreateTransferView.swift */; };
		6473350E2FE080E70010EDB7 /* TransferRecapView.swift in Sources */ = {isa = PBXBuildFile; fileRef = 6473350D2FE080E60010EDB7 /* TransferRecapView.swift */; };
		647335102FE080ED0010EDB7 /* TransferHistoryView.swift in Sources */ = {isa = PBXBuildFile; fileRef = 6473350F2FE080EC0010EDB7 /* TransferHistoryView.swift */; };
		647335122FE080F20010EDB7 /* TransferDetailView.swift in Sources */ = {isa = PBXBuildFile; fileRef = 647335112FE080F10010EDB7 /* TransferDetailView.swift */; };
		B60AB9B2A985229517E2CE6B /* Pods_TransferApp.framework in Frameworks */ = {isa = PBXBuildFile; fileRef = 3F325F149C335D7F132A03F2 /* Pods_TransferApp.framework */; };
/* End PBXBuildFile section */

/* Begin PBXFileReference section */
		3F325F149C335D7F132A03F2 /* Pods_TransferApp.framework */ = {isa = PBXFileReference; explicitFileType = wrapper.framework; includeInIndex = 0; path = Pods_TransferApp.framework; sourceTree = BUILT_PRODUCTS_DIR; };
		52388653D2DA488E6FFD110B /* Pods-TransferApp.release.xcconfig */ = {isa = PBXFileReference; includeInIndex = 1; lastKnownFileType = text.xcconfig; name = "Pods-TransferApp.release.xcconfig"; path = "Target Support Files/Pods-TransferApp/Pods-TransferApp.release.xcconfig"; sourceTree = "<group>"; };
		6466ED262FE0791B00FFBCF8 /* TransferApp.app */ = {isa = PBXFileReference; explicitFileType = wrapper.application; includeInIndex = 0; path = TransferApp.app; sourceTree = BUILT_PRODUCTS_DIR; };
		647334FA2FE07FDC0010EDB7 /* Assets.xcassets */ = {isa = PBXFileReference; lastKnownFileType = folder.assetcatalog; path = Assets.xcassets; sourceTree = "<group>"; };
		647334FB2FE07FDC0010EDB7 /* ContentView.swift */ = {isa = PBXFileReference; lastKnownFileType = sourcecode.swift; path = ContentView.swift; sourceTree = "<group>"; };
		647334FC2FE07FDC0010EDB7 /* TransferAppApp.swift */ = {isa = PBXFileReference; lastKnownFileType = sourcecode.swift; path = TransferAppApp.swift; sourceTree = "<group>"; };
		647335072FE080AA0010EDB7 /* Transfer.swift */ = {isa = PBXFileReference; lastKnownFileType = sourcecode.swift; path = Transfer.swift; sourceTree = "<group>"; };
		647335092FE080C30010EDB7 /* TransferViewModel.swift */ = {isa = PBXFileReference; lastKnownFileType = sourcecode.swift; path = TransferViewModel.swift; sourceTree = "<group>"; };
		6473350B2FE080D40010EDB7 /* CreateTransferView.swift */ = {isa = PBXFileReference; lastKnownFileType = sourcecode.swift; path = CreateTransferView.swift; sourceTree = "<group>"; };
		6473350D2FE080E60010EDB7 /* TransferRecapView.swift */ = {isa = PBXFileReference; lastKnownFileType = sourcecode.swift; path = TransferRecapView.swift; sourceTree = "<group>"; };
		6473350F2FE080EC0010EDB7 /* TransferHistoryView.swift */ = {isa = PBXFileReference; lastKnownFileType = sourcecode.swift; path = TransferHistoryView.swift; sourceTree = "<group>"; };
		647335112FE080F10010EDB7 /* TransferDetailView.swift */ = {isa = PBXFileReference; lastKnownFileType = sourcecode.swift; path = TransferDetailView.swift; sourceTree = "<group>"; };
		C7161B168CF85D8561797434 /* Pods-TransferApp.debug.xcconfig */ = {isa = PBXFileReference; includeInIndex = 1; lastKnownFileType = text.xcconfig; name = "Pods-TransferApp.debug.xcconfig"; path = "Target Support Files/Pods-TransferApp/Pods-TransferApp.debug.xcconfig"; sourceTree = "<group>"; };
/* End PBXFileReference section */

/* Begin PBXFrameworksBuildPhase section */
		6466ED232FE0791B00FFBCF8 /* Frameworks */ = {
			isa = PBXFrameworksBuildPhase;
			buildActionMask = 2147483647;
			files = (
				B60AB9B2A985229517E2CE6B /* Pods_TransferApp.framework in Frameworks */,
			);
			runOnlyForDeploymentPostprocessing = 0;
		};
/* End PBXFrameworksBuildPhase section */

/* Begin PBXGroup section */
		6466ED1D2FE0791B00FFBCF8 = {
			isa = PBXGroup;
			children = (
				647334FD2FE07FDC0010EDB7 /* TransferApp */,
				6466ED272FE0791B00FFBCF8 /* Products */,
				93D78A93406B5B1F0380F8F8 /* Pods */,
				C58A76678FB607DF696B4562 /* Frameworks */,
			);
			sourceTree = "<group>";
		};
		6466ED272FE0791B00FFBCF8 /* Products */ = {
			isa = PBXGroup;
			children = (
				6466ED262FE0791B00FFBCF8 /* TransferApp.app */,
			);
			name = Products;
			sourceTree = "<group>";
		};
		647334FD2FE07FDC0010EDB7 /* TransferApp */ = {
			isa = PBXGroup;
			children = (
				647335062FE080510010EDB7 /* Utils */,
				647335052FE080450010EDB7 /* Resources */,
				647335042FE080340010EDB7 /* ViewModels */,
				647335032FE0802F0010EDB7 /* Views */,
				647335022FE07FF30010EDB7 /* Models */,
				647335012FE07FEF0010EDB7 /* App */,
				647334FA2FE07FDC0010EDB7 /* Assets.xcassets */,
			);
			path = TransferApp;
			sourceTree = "<group>";
		};
		647335012FE07FEF0010EDB7 /* App */ = {
			isa = PBXGroup;
			children = (
				647334FC2FE07FDC0010EDB7 /* TransferAppApp.swift */,
			);
			path = App;
			sourceTree = "<group>";
		};
		647335022FE07FF30010EDB7 /* Models */ = {
			isa = PBXGroup;
			children = (
				647335072FE080AA0010EDB7 /* Transfer.swift */,
			);
			path = Models;
			sourceTree = "<group>";
		};
		647335032FE0802F0010EDB7 /* Views */ = {
			isa = PBXGroup;
			children = (
				647335112FE080F10010EDB7 /* TransferDetailView.swift */,
				6473350F2FE080EC0010EDB7 /* TransferHistoryView.swift */,
				6473350D2FE080E60010EDB7 /* TransferRecapView.swift */,
				6473350B2FE080D40010EDB7 /* CreateTransferView.swift */,
				647334FB2FE07FDC0010EDB7 /* ContentView.swift */,
			);
			path = Views;
			sourceTree = "<group>";
		};
		647335042FE080340010EDB7 /* ViewModels */ = {
			isa = PBXGroup;
			children = (
				647335092FE080C30010EDB7 /* TransferViewModel.swift */,
			);
			path = ViewModels;
			sourceTree = "<group>";
		};
		647335052FE080450010EDB7 /* Resources */ = {
			isa = PBXGroup;
			children = (
			);
			path = Resources;
			sourceTree = "<group>";
		};
		647335062FE080510010EDB7 /* Utils */ = {
			isa = PBXGroup;
			children = (
			);
			path = Utils;
			sourceTree = "<group>";
		};
		93D78A93406B5B1F0380F8F8 /* Pods */ = {
			isa = PBXGroup;
			children = (
				C7161B168CF85D8561797434 /* Pods-TransferApp.debug.xcconfig */,
				52388653D2DA488E6FFD110B /* Pods-TransferApp.release.xcconfig */,
			);
			path = Pods;
			sourceTree = "<group>";
		};
		C58A76678FB607DF696B4562 /* Frameworks */ = {
			isa = PBXGroup;
			children = (
				3F325F149C335D7F132A03F2 /* Pods_TransferApp.framework */,
			);
			name = Frameworks;
			sourceTree = "<group>";
		};
/* End PBXGroup section */

/* Begin PBXNativeTarget section */
		6466ED252FE0791B00FFBCF8 /* TransferApp */ = {
			isa = PBXNativeTarget;
			buildConfigurationList = 6466ED312FE0791D00FFBCF8 /* Build configuration list for PBXNativeTarget "TransferApp" */;
			buildPhases = (
				D9668CB123AFA09F422C826D /* [CP] Check Pods Manifest.lock */,
				6466ED222FE0791B00FFBCF8 /* Sources */,
				6466ED232FE0791B00FFBCF8 /* Frameworks */,
				6466ED242FE0791B00FFBCF8 /* Resources */,
				BA5C741C1FC0915FBD4867C0 /* [CP] Embed Pods Frameworks */,
			);
			buildRules = (
			);
			dependencies = (
			);
			name = TransferApp;
			productName = TransferApp;
			productReference = 6466ED262FE0791B00FFBCF8 /* TransferApp.app */;
			productType = "com.apple.product-type.application";
		};
/* End PBXNativeTarget section */

/* Begin PBXProject section */
		6466ED1E2FE0791B00FFBCF8 /* Project object */ = {
			isa = PBXProject;
			attributes = {
				BuildIndependentTargetsInParallel = 1;
				LastSwiftUpdateCheck = 2610;
				LastUpgradeCheck = 2610;
				TargetAttributes = {
					6466ED252FE0791B00FFBCF8 = {
						CreatedOnToolsVersion = 26.1.1;
					};
				};
			};
			buildConfigurationList = 6466ED212FE0791B00FFBCF8 /* Build configuration list for PBXProject "TransferApp" */;
			developmentRegion = en;
			hasScannedForEncodings = 0;
			knownRegions = (
				en,
				Base,
			);
			mainGroup = 6466ED1D2FE0791B00FFBCF8;
			minimizedProjectReferenceProxies = 1;
			preferredProjectObjectVersion = 77;
			productRefGroup = 6466ED272FE0791B00FFBCF8 /* Products */;
			projectDirPath = "";
			projectRoot = "";
			targets = (
				6466ED252FE0791B00FFBCF8 /* TransferApp */,
			);
		};
/* End PBXProject section */

/* Begin PBXResourcesBuildPhase section */
		6466ED242FE0791B00FFBCF8 /* Resources */ = {
			isa = PBXResourcesBuildPhase;
			buildActionMask = 2147483647;
			files = (
				647334FE2FE07FDC0010EDB7 /* Assets.xcassets in Resources */,
			);
			runOnlyForDeploymentPostprocessing = 0;
		};
/* End PBXResourcesBuildPhase section */

/* Begin PBXShellScriptBuildPhase section */
		BA5C741C1FC0915FBD4867C0 /* [CP] Embed Pods Frameworks */ = {
			isa = PBXShellScriptBuildPhase;
			buildActionMask = 2147483647;
			files = (
			);
			inputFileListPaths = (
				"${PODS_ROOT}/Target Support Files/Pods-TransferApp/Pods-TransferApp-frameworks-${CONFIGURATION}-input-files.xcfilelist",
			);
			inputPaths = (
			);
			name = "[CP] Embed Pods Frameworks";
			outputFileListPaths = (
				"${PODS_ROOT}/Target Support Files/Pods-TransferApp/Pods-TransferApp-frameworks-${CONFIGURATION}-output-files.xcfilelist",
			);
			outputPaths = (
			);
			runOnlyForDeploymentPostprocessing = 0;
			shellPath = /bin/sh;
			shellScript = "\"${PODS_ROOT}/Target Support Files/Pods-TransferApp/Pods-TransferApp-frameworks.sh\"\n";
			showEnvVarsInLog = 0;
		};
		D9668CB123AFA09F422C826D /* [CP] Check Pods Manifest.lock */ = {
			isa = PBXShellScriptBuildPhase;
			buildActionMask = 2147483647;
			files = (
			);
			inputFileListPaths = (
			);
			inputPaths = (
				"${PODS_PODFILE_DIR_PATH}/Podfile.lock",
				"${PODS_ROOT}/Manifest.lock",
			);
			name = "[CP] Check Pods Manifest.lock";
			outputFileListPaths = (
			);
			outputPaths = (
				"$(DERIVED_FILE_DIR)/Pods-TransferApp-checkManifestLockResult.txt",
			);
			runOnlyForDeploymentPostprocessing = 0;
			shellPath = /bin/sh;
			shellScript = "diff \"${PODS_PODFILE_DIR_PATH}/Podfile.lock\" \"${PODS_ROOT}/Manifest.lock\" > /dev/null\nif [ $? != 0 ] ; then\n    # print error to STDERR\n    echo \"error: The sandbox is not in sync with the Podfile.lock. Run 'pod install' or update your CocoaPods installation.\" >&2\n    exit 1\nfi\n# This output is used by Xcode 'outputs' to avoid re-running this script phase.\necho \"SUCCESS\" > \"${SCRIPT_OUTPUT_FILE_0}\"\n";
			showEnvVarsInLog = 0;
		};
/* End PBXShellScriptBuildPhase section */

/* Begin PBXSourcesBuildPhase section */
		6466ED222FE0791B00FFBCF8 /* Sources */ = {
			isa = PBXSourcesBuildPhase;
			buildActionMask = 2147483647;
			files = (
				647334FF2FE07FDC0010EDB7 /* ContentView.swift in Sources */,
				6473350E2FE080E70010EDB7 /* TransferRecapView.swift in Sources */,
				647335082FE080B10010EDB7 /* Transfer.swift in Sources */,
				647335002FE07FDC0010EDB7 /* TransferAppApp.swift in Sources */,
				6473350C2FE080D60010EDB7 /* CreateTransferView.swift in Sources */,
				647335102FE080ED0010EDB7 /* TransferHistoryView.swift in Sources */,
				647335122FE080F20010EDB7 /* TransferDetailView.swift in Sources */,
				6473350A2FE080C40010EDB7 /* TransferViewModel.swift in Sources */,
			);
			runOnlyForDeploymentPostprocessing = 0;
		};
/* End PBXSourcesBuildPhase section */

/* Begin XCBuildConfiguration section */
		6466ED2F2FE0791D00FFBCF8 /* Debug */ = {
			isa = XCBuildConfiguration;
			buildSettings = {
				ALWAYS_SEARCH_USER_PATHS = NO;
				ASSETCATALOG_COMPILER_GENERATE_SWIFT_ASSET_SYMBOL_EXTENSIONS = YES;
				CLANG_ANALYZER_NONNULL = YES;
				CLANG_ANALYZER_NUMBER_OBJECT_CONVERSION = YES_AGGRESSIVE;
				CLANG_CXX_LANGUAGE_STANDARD = "gnu++20";
				CLANG_ENABLE_MODULES = YES;
				CLANG_ENABLE_OBJC_ARC = YES;
				CLANG_ENABLE_OBJC_WEAK = YES;
				CLANG_WARN_BLOCK_CAPTURE_AUTORELEASING = YES;
				CLANG_WARN_BOOL_CONVERSION = YES;
				CLANG_WARN_COMMA = YES;
				CLANG_WARN_CONSTANT_CONVERSION = YES;
				CLANG_WARN_DEPRECATED_OBJC_IMPLEMENTATIONS = YES;
				CLANG_WARN_DIRECT_OBJC_ISA_USAGE = YES_ERROR;
				CLANG_WARN_DOCUMENTATION_COMMENTS = YES;
				CLANG_WARN_EMPTY_BODY = YES;
				CLANG_WARN_ENUM_CONVERSION = YES;
				CLANG_WARN_INFINITE_RECURSION = YES;
				CLANG_WARN_INT_CONVERSION = YES;
				CLANG_WARN_NON_LITERAL_NULL_CONVERSION = YES;
				CLANG_WARN_OBJC_IMPLICIT_RETAIN_SELF = YES;
				CLANG_WARN_OBJC_LITERAL_CONVERSION = YES;
				CLANG_WARN_OBJC_ROOT_CLASS = YES_ERROR;
				CLANG_WARN_QUOTED_INCLUDE_IN_FRAMEWORK_HEADER = YES;
				CLANG_WARN_RANGE_LOOP_ANALYSIS = YES;
				CLANG_WARN_STRICT_PROTOTYPES = YES;
				CLANG_WARN_SUSPICIOUS_MOVE = YES;
				CLANG_WARN_UNGUARDED_AVAILABILITY = YES_AGGRESSIVE;
				CLANG_WARN_UNREACHABLE_CODE = YES;
				CLANG_WARN__DUPLICATE_METHOD_MATCH = YES;
				COPY_PHASE_STRIP = NO;
				DEBUG_INFORMATION_FORMAT = dwarf;
				ENABLE_STRICT_OBJC_MSGSEND = YES;
				ENABLE_TESTABILITY = YES;
				ENABLE_USER_SCRIPT_SANDBOXING = NO;
				GCC_C_LANGUAGE_STANDARD = gnu17;
				GCC_DYNAMIC_NO_PIC = NO;
				GCC_NO_COMMON_BLOCKS = YES;
				GCC_OPTIMIZATION_LEVEL = 0;
				GCC_PREPROCESSOR_DEFINITIONS = (
					"DEBUG=1",
					"$(inherited)",
				);
				GCC_WARN_64_TO_32_BIT_CONVERSION = YES;
				GCC_WARN_ABOUT_RETURN_TYPE = YES_ERROR;
				GCC_WARN_UNDECLARED_SELECTOR = YES;
				GCC_WARN_UNINITIALIZED_AUTOS = YES_AGGRESSIVE;
				GCC_WARN_UNUSED_FUNCTION = YES;
				GCC_WARN_UNUSED_VARIABLE = YES;
				LOCALIZATION_PREFERS_STRING_CATALOGS = YES;
				MTL_ENABLE_DEBUG_INFO = INCLUDE_SOURCE;
				MTL_FAST_MATH = YES;
				ONLY_ACTIVE_ARCH = YES;
				SWIFT_ACTIVE_COMPILATION_CONDITIONS = "DEBUG $(inherited)";
				SWIFT_OPTIMIZATION_LEVEL = "-Onone";
			};
			name = Debug;
		};
		6466ED302FE0791D00FFBCF8 /* Release */ = {
			isa = XCBuildConfiguration;
			buildSettings = {
				ALWAYS_SEARCH_USER_PATHS = NO;
				ASSETCATALOG_COMPILER_GENERATE_SWIFT_ASSET_SYMBOL_EXTENSIONS = YES;
				CLANG_ANALYZER_NONNULL = YES;
				CLANG_ANALYZER_NUMBER_OBJECT_CONVERSION = YES_AGGRESSIVE;
				CLANG_CXX_LANGUAGE_STANDARD = "gnu++20";
				CLANG_ENABLE_MODULES = YES;
				CLANG_ENABLE_OBJC_ARC = YES;
				CLANG_ENABLE_OBJC_WEAK = YES;
				CLANG_WARN_BLOCK_CAPTURE_AUTORELEASING = YES;
				CLANG_WARN_BOOL_CONVERSION = YES;
				CLANG_WARN_COMMA = YES;
				CLANG_WARN_CONSTANT_CONVERSION = YES;
				CLANG_WARN_DEPRECATED_OBJC_IMPLEMENTATIONS = YES;
				CLANG_WARN_DIRECT_OBJC_ISA_USAGE = YES_ERROR;
				CLANG_WARN_DOCUMENTATION_COMMENTS = YES;
				CLANG_WARN_EMPTY_BODY = YES;
				CLANG_WARN_ENUM_CONVERSION = YES;
				CLANG_WARN_INFINITE_RECURSION = YES;
				CLANG_WARN_INT_CONVERSION = YES;
				CLANG_WARN_NON_LITERAL_NULL_CONVERSION = YES;
				CLANG_WARN_OBJC_IMPLICIT_RETAIN_SELF = YES;
				CLANG_WARN_OBJC_LITERAL_CONVERSION = YES;
				CLANG_WARN_OBJC_ROOT_CLASS = YES_ERROR;
				CLANG_WARN_QUOTED_INCLUDE_IN_FRAMEWORK_HEADER = YES;
				CLANG_WARN_RANGE_LOOP_ANALYSIS = YES;
				CLANG_WARN_STRICT_PROTOTYPES = YES;
				CLANG_WARN_SUSPICIOUS_MOVE = YES;
				CLANG_WARN_UNGUARDED_AVAILABILITY = YES_AGGRESSIVE;
				CLANG_WARN_UNREACHABLE_CODE = YES;
				CLANG_WARN__DUPLICATE_METHOD_MATCH = YES;
				COPY_PHASE_STRIP = NO;
				DEBUG_INFORMATION_FORMAT = "dwarf-with-dsym";
				ENABLE_NS_ASSERTIONS = NO;
				ENABLE_STRICT_OBJC_MSGSEND = YES;
				ENABLE_USER_SCRIPT_SANDBOXING = NO;
				GCC_C_LANGUAGE_STANDARD = gnu17;
				GCC_NO_COMMON_BLOCKS = YES;
				GCC_WARN_64_TO_32_BIT_CONVERSION = YES;
				GCC_WARN_ABOUT_RETURN_TYPE = YES_ERROR;
				GCC_WARN_UNDECLARED_SELECTOR = YES;
				GCC_WARN_UNINITIALIZED_AUTOS = YES_AGGRESSIVE;
				GCC_WARN_UNUSED_FUNCTION = YES;
				GCC_WARN_UNUSED_VARIABLE = YES;
				LOCALIZATION_PREFERS_STRING_CATALOGS = YES;
				MTL_ENABLE_DEBUG_INFO = NO;
				MTL_FAST_MATH = YES;
				SWIFT_COMPILATION_MODE = wholemodule;
			};
			name = Release;
		};
		6466ED322FE0791D00FFBCF8 /* Debug */ = {
			isa = XCBuildConfiguration;
			baseConfigurationReference = C7161B168CF85D8561797434 /* Pods-TransferApp.debug.xcconfig */;
			buildSettings = {
				ASSETCATALOG_COMPILER_APPICON_NAME = AppIcon;
				ASSETCATALOG_COMPILER_GLOBAL_ACCENT_COLOR_NAME = AccentColor;
				CODE_SIGN_STYLE = Automatic;
				CURRENT_PROJECT_VERSION = 1;
				ENABLE_APP_SANDBOX = YES;
				ENABLE_PREVIEWS = YES;
				ENABLE_USER_SELECTED_FILES = readonly;
				GENERATE_INFOPLIST_FILE = YES;
				"INFOPLIST_KEY_UIApplicationSceneManifest_Generation[sdk=iphoneos*]" = YES;
				"INFOPLIST_KEY_UIApplicationSceneManifest_Generation[sdk=iphonesimulator*]" = YES;
				"INFOPLIST_KEY_UIApplicationSupportsIndirectInputEvents[sdk=iphoneos*]" = YES;
				"INFOPLIST_KEY_UIApplicationSupportsIndirectInputEvents[sdk=iphonesimulator*]" = YES;
				"INFOPLIST_KEY_UILaunchScreen_Generation[sdk=iphoneos*]" = YES;
				"INFOPLIST_KEY_UILaunchScreen_Generation[sdk=iphonesimulator*]" = YES;
				"INFOPLIST_KEY_UIStatusBarStyle[sdk=iphoneos*]" = UIStatusBarStyleDefault;
				"INFOPLIST_KEY_UIStatusBarStyle[sdk=iphonesimulator*]" = UIStatusBarStyleDefault;
				INFOPLIST_KEY_UISupportedInterfaceOrientations_iPad = "UIInterfaceOrientationPortrait UIInterfaceOrientationPortraitUpsideDown UIInterfaceOrientationLandscapeLeft UIInterfaceOrientationLandscapeRight";
				INFOPLIST_KEY_UISupportedInterfaceOrientations_iPhone = "UIInterfaceOrientationPortrait UIInterfaceOrientationLandscapeLeft UIInterfaceOrientationLandscapeRight";
				IPHONEOS_DEPLOYMENT_TARGET = 26.1;
				LD_RUNPATH_SEARCH_PATHS = "@executable_path/Frameworks";
				"LD_RUNPATH_SEARCH_PATHS[sdk=macosx*]" = "@executable_path/../Frameworks";
				MACOSX_DEPLOYMENT_TARGET = 15.7;
				MARKETING_VERSION = 1.0;
				PRODUCT_BUNDLE_IDENTIFIER = com.babelTechnicalTest.TransferApp.TransferApp;
				PRODUCT_NAME = "$(TARGET_NAME)";
				REGISTER_APP_GROUPS = YES;
				SDKROOT = auto;
				STRING_CATALOG_GENERATE_SYMBOLS = YES;
				SUPPORTED_PLATFORMS = "iphoneos iphonesimulator macosx xros xrsimulator";
				SWIFT_APPROACHABLE_CONCURRENCY = YES;
				SWIFT_DEFAULT_ACTOR_ISOLATION = MainActor;
				SWIFT_EMIT_LOC_STRINGS = YES;
				SWIFT_UPCOMING_FEATURE_MEMBER_IMPORT_VISIBILITY = YES;
				SWIFT_VERSION = 5.0;
				TARGETED_DEVICE_FAMILY = "1,2,7";
				XROS_DEPLOYMENT_TARGET = 26.1;
			};
			name = Debug;
		};
		6466ED332FE0791D00FFBCF8 /* Release */ = {
			isa = XCBuildConfiguration;
			baseConfigurationReference = 52388653D2DA488E6FFD110B /* Pods-TransferApp.release.xcconfig */;
			buildSettings = {
				ASSETCATALOG_COMPILER_APPICON_NAME = AppIcon;
				ASSETCATALOG_COMPILER_GLOBAL_ACCENT_COLOR_NAME = AccentColor;
				CODE_SIGN_STYLE = Automatic;
				CURRENT_PROJECT_VERSION = 1;
				ENABLE_APP_SANDBOX = YES;
				ENABLE_PREVIEWS = YES;
				ENABLE_USER_SELECTED_FILES = readonly;
				GENERATE_INFOPLIST_FILE = YES;
				"INFOPLIST_KEY_UIApplicationSceneManifest_Generation[sdk=iphoneos*]" = YES;
				"INFOPLIST_KEY_UIApplicationSceneManifest_Generation[sdk=iphonesimulator*]" = YES;
				"INFOPLIST_KEY_UIApplicationSupportsIndirectInputEvents[sdk=iphoneos*]" = YES;
				"INFOPLIST_KEY_UIApplicationSupportsIndirectInputEvents[sdk=iphonesimulator*]" = YES;
				"INFOPLIST_KEY_UILaunchScreen_Generation[sdk=iphoneos*]" = YES;
				"INFOPLIST_KEY_UILaunchScreen_Generation[sdk=iphonesimulator*]" = YES;
				"INFOPLIST_KEY_UIStatusBarStyle[sdk=iphoneos*]" = UIStatusBarStyleDefault;
				"INFOPLIST_KEY_UIStatusBarStyle[sdk=iphonesimulator*]" = UIStatusBarStyleDefault;
				INFOPLIST_KEY_UISupportedInterfaceOrientations_iPad = "UIInterfaceOrientationPortrait UIInterfaceOrientationPortraitUpsideDown UIInterfaceOrientationLandscapeLeft UIInterfaceOrientationLandscapeRight";
				INFOPLIST_KEY_UISupportedInterfaceOrientations_iPhone = "UIInterfaceOrientationPortrait UIInterfaceOrientationLandscapeLeft UIInterfaceOrientationLandscapeRight";
				IPHONEOS_DEPLOYMENT_TARGET = 26.1;
				LD_RUNPATH_SEARCH_PATHS = "@executable_path/Frameworks";
				"LD_RUNPATH_SEARCH_PATHS[sdk=macosx*]" = "@executable_path/../Frameworks";
				MACOSX_DEPLOYMENT_TARGET = 15.7;
				MARKETING_VERSION = 1.0;
				PRODUCT_BUNDLE_IDENTIFIER = com.babelTechnicalTest.TransferApp.TransferApp;
				PRODUCT_NAME = "$(TARGET_NAME)";
				REGISTER_APP_GROUPS = YES;
				SDKROOT = auto;
				STRING_CATALOG_GENERATE_SYMBOLS = YES;
				SUPPORTED_PLATFORMS = "iphoneos iphonesimulator macosx xros xrsimulator";
				SWIFT_APPROACHABLE_CONCURRENCY = YES;
				SWIFT_DEFAULT_ACTOR_ISOLATION = MainActor;
				SWIFT_EMIT_LOC_STRINGS = YES;
				SWIFT_UPCOMING_FEATURE_MEMBER_IMPORT_VISIBILITY = YES;
				SWIFT_VERSION = 5.0;
				TARGETED_DEVICE_FAMILY = "1,2,7";
				XROS_DEPLOYMENT_TARGET = 26.1;
			};
			name = Release;
		};
/* End XCBuildConfiguration section */

/* Begin XCConfigurationList section */
		6466ED212FE0791B00FFBCF8 /* Build configuration list for PBXProject "TransferApp" */ = {
			isa = XCConfigurationList;
			buildConfigurations = (
				6466ED2F2FE0791D00FFBCF8 /* Debug */,
				6466ED302FE0791D00FFBCF8 /* Release */,
			);
			defaultConfigurationIsVisible = 0;
			defaultConfigurationName = Release;
		};
		6466ED312FE0791D00FFBCF8 /* Build configuration list for PBXNativeTarget "TransferApp" */ = {
			isa = XCConfigurationList;
			buildConfigurations = (
				6466ED322FE0791D00FFBCF8 /* Debug */,
				6466ED332FE0791D00FFBCF8 /* Release */,
			);
			defaultConfigurationIsVisible = 0;
			defaultConfigurationName = Release;
		};
/* End XCConfigurationList section */
	};
	rootObject = 6466ED1E2FE0791B00FFBCF8 /* Project object */;
}
