// !$*UTF8*$!
{
	archiveVersion = 1;
	classes = {
	};
	objectVersion = 77;
	objects = {

/* Begin PBXBuildFile section */
		647334FE2FE07FDC0010EDB7 /* Assets.xcassets in Resources */ = {isa = PBXBuildFile; fileRef = 647334FA2FE07FDC0010EDB7 /* Assets.xcassets */; };
		647334FF2FE07FDC0010EDB7 /* ContentView.swift in Sources */ = {isa = PBXBuildFile; fileRef = 647334FB2FE07FDC0010EDB7 /* ContentView.swift */; };
		647335002FE07FDC0010EDB7 /* TransferAppApp.swift in Sources */ = {isa = PBXBuildFile; fileRef = 647334FC2FE07FDC0010EDB7 /* TransferAppApp.swift */; };
		647335082FE080B10010EDB7 /* Transfer.swift in Sources */ = {isa = PBXBuildFile; fileRef = 647335072FE080AA0010EDB7 /* Transfer.swift */; };
		6473350A2FE080C40010EDB7 /* CreateTransferViewModel.swift in Sources */ = {isa = PBXBuildFile; fileRef = 647335092FE080C30010EDB7 /* CreateTransferViewModel.swift */; };
		6473350C2FE080D60010EDB7 /* CreateTransferView.swift in Sources */ = {isa = PBXBuildFile; fileRef = 6473350B2FE080D40010EDB7 /* CreateTransferView.swift */; };
		6473350E2FE080E70010EDB7 /* TransferRecapView.swift in Sources */ = {isa = PBXBuildFile; fileRef = 6473350D2FE080E60010EDB7 /* TransferRecapView.swift */; };
		647335102FE080ED0010EDB7 /* TransferHistoryView.swift in Sources */ = {isa = PBXBuildFile; fileRef = 6473350F2FE080EC0010EDB7 /* TransferHistoryView.swift */; };
		647335122FE080F20010EDB7 /* TransferDetailView.swift in Sources */ = {isa = PBXBuildFile; fileRef = 647335112FE080F10010EDB7 /* TransferDetailView.swift */; };
		647335132FE081000010EDB7 /* TransferRecapViewModel.swift in Sources */ = {isa = PBXBuildFile; fileRef = 647335142FE081010010EDB7 /* TransferRecapViewModel.swift */; };
		647335152FE081100010EDB7 /* TransferFormValidation.swift in Sources */ = {isa = PBXBuildFile; fileRef = 647335162FE081110010EDB7 /* TransferFormValidation.swift */; };
		647335172FE081200010EDB7 /* NetworkingService.swift in Sources */ = {isa = PBXBuildFile; fileRef = 647335182FE081210010EDB7 /* NetworkingService.swift */; };
		647335192FE081300010EDB7 /* LocalJSONNetworkingService.swift in Sources */ = {isa = PBXBuildFile; fileRef = 6473351A2FE081310010EDB7 /* LocalJSONNetworkingService.swift */; };
		6473351B2FE081400010EDB7 /* TransferPersistenceService.swift in Sources */ = {isa = PBXBuildFile; fileRef = 6473351C2FE081410010EDB7 /* TransferPersistenceService.swift */; };
		6473351D2FE081500010EDB7 /* TransferHistoryStore.swift in Sources */ = {isa = PBXBuildFile; fileRef = 6473351E2FE081510010EDB7 /* TransferHistoryStore.swift */; };
		6473351F2FE081600010EDB7 /* TransferFormatting.swift in Sources */ = {isa = PBXBuildFile; fileRef = 647335202FE081610010EDB7 /* TransferFormatting.swift */; };
		647335232FE081800010EDB7 /* transfers.json in Resources */ = {isa = PBXBuildFile; fileRef = 647335242FE081810010EDB7 /* transfers.json */; };
		647335272FE081B00010EDB7 /* ValidationError.swift in Sources */ = {isa = PBXBuildFile; fileRef = 647335282FE081B10010EDB7 /* ValidationError.swift */; };
		647335292FE081B20010EDB7 /* TransferError.swift in Sources */ = {isa = PBXBuildFile; fileRef = 6473352A2FE081B30010EDB7 /* TransferError.swift */; };
		6473352B2FE081B40010EDB7 /* LoadState.swift in Sources */ = {isa = PBXBuildFile; fileRef = 6473352C2FE081B50010EDB7 /* LoadState.swift */; };
		6473352D2FE081B60010EDB7 /* OperationState.swift in Sources */ = {isa = PBXBuildFile; fileRef = 6473352E2FE081B70010EDB7 /* OperationState.swift */; };
		6473352F2FE081B80010EDB7 /* TransferSubmissionUseCase.swift in Sources */ = {isa = PBXBuildFile; fileRef = 647335302FE081B90010EDB7 /* TransferSubmissionUseCase.swift */; };
		647335332FE081C00010EDB7 /* AppDependencyContainer.swift in Sources */ = {isa = PBXBuildFile; fileRef = 647335342FE081C10010EDB7 /* AppDependencyContainer.swift */; };
		647335352FE081C20010EDB7 /* AppTab.swift in Sources */ = {isa = PBXBuildFile; fileRef = 647335362FE081C30010EDB7 /* AppTab.swift */; };
		647335372FE081C40010EDB7 /* FormUtilities.swift in Sources */ = {isa = PBXBuildFile; fileRef = 647335462FE081DD0010EDB7 /* FormUtilities.swift */; };
		647335A12FE082000010EDB7 /* AppColors.swift in Sources */ = {isa = PBXBuildFile; fileRef = 647335A22FE082010010EDB7 /* AppColors.swift */; };
		647335A32FE082020010EDB7 /* AppFonts.swift in Sources */ = {isa = PBXBuildFile; fileRef = 647335A42FE082030010EDB7 /* AppFonts.swift */; };
		647335A52FE082040010EDB7 /* AppSpacing.swift in Sources */ = {isa = PBXBuildFile; fileRef = 647335A62FE082050010EDB7 /* AppSpacing.swift */; };
		647335A72FE082060010EDB7 /* AppAppearance.swift in Sources */ = {isa = PBXBuildFile; fileRef = 647335A82FE082070010EDB7 /* AppAppearance.swift */; };
		647335A92FE082080010EDB7 /* UserProfile.swift in Sources */ = {isa = PBXBuildFile; fileRef = 647335AA2FE082090010EDB7 /* UserProfile.swift */; };
		647335AB2FE0820A0010EDB7 /* TransferStatistics.swift in Sources */ = {isa = PBXBuildFile; fileRef = 647335AC2FE0820B0010EDB7 /* TransferStatistics.swift */; };
		647335AD2FE0820C0010EDB7 /* UserProfileService.swift in Sources */ = {isa = PBXBuildFile; fileRef = 647335AE2FE0820D0010EDB7 /* UserProfileService.swift */; };
		647335AF2FE0820E0010EDB7 /* TransferStatisticsService.swift in Sources */ = {isa = PBXBuildFile; fileRef = 647335B02FE0820F0010EDB7 /* TransferStatisticsService.swift */; };
		647335B12FE082100010EDB7 /* SectionHeader.swift in Sources */ = {isa = PBXBuildFile; fileRef = 647335B22FE082110010EDB7 /* SectionHeader.swift */; };
		647335B32FE082120010EDB7 /* PrimaryButton.swift in Sources */ = {isa = PBXBuildFile; fileRef = 647335B42FE082130010EDB7 /* PrimaryButton.swift */; };
		647335B52FE082140010EDB7 /* InfoCard.swift in Sources */ = {isa = PBXBuildFile; fileRef = 647335B62FE082150010EDB7 /* InfoCard.swift */; };
		647335B72FE082160010EDB7 /* BalanceCard.swift in Sources */ = {isa = PBXBuildFile; fileRef = 647335B82FE082170010EDB7 /* BalanceCard.swift */; };
		647335B92FE082180010EDB7 /* TransferRow.swift in Sources */ = {isa = PBXBuildFile; fileRef = 647335BA2FE082190010EDB7 /* TransferRow.swift */; };
		647335BB2FE0821A0010EDB7 /* DashboardViewModel.swift in Sources */ = {isa = PBXBuildFile; fileRef = 647335BC2FE0821B0010EDB7 /* DashboardViewModel.swift */; };
		647335BD2FE0821C0010EDB7 /* TransferHistoryViewModel.swift in Sources */ = {isa = PBXBuildFile; fileRef = 647335BE2FE0821D0010EDB7 /* TransferHistoryViewModel.swift */; };
		647335BF2FE0821E0010EDB7 /* ProfileViewModel.swift in Sources */ = {isa = PBXBuildFile; fileRef = 647335C02FE0821F0010EDB7 /* ProfileViewModel.swift */; };
		647335C12FE082200010EDB7 /* DashboardView.swift in Sources */ = {isa = PBXBuildFile; fileRef = 647335C22FE082210010EDB7 /* DashboardView.swift */; };
		647335C32FE082220010EDB7 /* ProfileView.swift in Sources */ = {isa = PBXBuildFile; fileRef = 647335C42FE082230010EDB7 /* ProfileView.swift */; };
		647335C52FE082240010EDB7 /* TransferSuccessView.swift in Sources */ = {isa = PBXBuildFile; fileRef = 647335C62FE082250010EDB7 /* TransferSuccessView.swift */; };
/* End PBXBuildFile section */

/* Begin PBXFileReference section */
		3F325F149C335D7F132A03F2 /* Pods_TransferApp.framework */ = {isa = PBXFileReference; explicitFileType = wrapper.framework; includeInIndex = 0; path = Pods_TransferApp.framework; sourceTree = BUILT_PRODUCTS_DIR; };
		6466ED262FE0791B00FFBCF8 /* TransferApp.app */ = {isa = PBXFileReference; explicitFileType = wrapper.application; includeInIndex = 0; path = TransferApp.app; sourceTree = BUILT_PRODUCTS_DIR; };
		647334FA2FE07FDC0010EDB7 /* Assets.xcassets */ = {isa = PBXFileReference; lastKnownFileType = folder.assetcatalog; path = Assets.xcassets; sourceTree = "<group>"; };
		647334FB2FE07FDC0010EDB7 /* ContentView.swift */ = {isa = PBXFileReference; lastKnownFileType = sourcecode.swift; path = ContentView.swift; sourceTree = "<group>"; };
		647334FC2FE07FDC0010EDB7 /* TransferAppApp.swift */ = {isa = PBXFileReference; lastKnownFileType = sourcecode.swift; path = TransferAppApp.swift; sourceTree = "<group>"; };
		647335072FE080AA0010EDB7 /* Transfer.swift */ = {isa = PBXFileReference; lastKnownFileType = sourcecode.swift; path = Transfer.swift; sourceTree = "<group>"; };
		647335092FE080C30010EDB7 /* CreateTransferViewModel.swift */ = {isa = PBXFileReference; lastKnownFileType = sourcecode.swift; path = CreateTransferViewModel.swift; sourceTree = "<group>"; };
		6473350B2FE080D40010EDB7 /* CreateTransferView.swift */ = {isa = PBXFileReference; lastKnownFileType = sourcecode.swift; path = CreateTransferView.swift; sourceTree = "<group>"; };
		6473350D2FE080E60010EDB7 /* TransferRecapView.swift */ = {isa = PBXFileReference; lastKnownFileType = sourcecode.swift; path = TransferRecapView.swift; sourceTree = "<group>"; };
		6473350F2FE080EC0010EDB7 /* TransferHistoryView.swift */ = {isa = PBXFileReference; lastKnownFileType = sourcecode.swift; path = TransferHistoryView.swift; sourceTree = "<group>"; };
		647335112FE080F10010EDB7 /* TransferDetailView.swift */ = {isa = PBXFileReference; lastKnownFileType = sourcecode.swift; path = TransferDetailView.swift; sourceTree = "<group>"; };
		647335142FE081010010EDB7 /* TransferRecapViewModel.swift */ = {isa = PBXFileReference; lastKnownFileType = sourcecode.swift; path = TransferRecapViewModel.swift; sourceTree = "<group>"; };
		647335162FE081110010EDB7 /* TransferFormValidation.swift */ = {isa = PBXFileReference; lastKnownFileType = sourcecode.swift; path = TransferFormValidation.swift; sourceTree = "<group>"; };
		647335182FE081210010EDB7 /* NetworkingService.swift */ = {isa = PBXFileReference; lastKnownFileType = sourcecode.swift; path = NetworkingService.swift; sourceTree = "<group>"; };
		6473351A2FE081310010EDB7 /* LocalJSONNetworkingService.swift */ = {isa = PBXFileReference; lastKnownFileType = sourcecode.swift; path = LocalJSONNetworkingService.swift; sourceTree = "<group>"; };
		6473351C2FE081410010EDB7 /* TransferPersistenceService.swift */ = {isa = PBXFileReference; lastKnownFileType = sourcecode.swift; path = TransferPersistenceService.swift; sourceTree = "<group>"; };
		6473351E2FE081510010EDB7 /* TransferHistoryStore.swift */ = {isa = PBXFileReference; lastKnownFileType = sourcecode.swift; path = TransferHistoryStore.swift; sourceTree = "<group>"; };
		647335202FE081610010EDB7 /* TransferFormatting.swift */ = {isa = PBXFileReference; lastKnownFileType = sourcecode.swift; path = TransferFormatting.swift; sourceTree = "<group>"; };
		647335242FE081810010EDB7 /* transfers.json */ = {isa = PBXFileReference; lastKnownFileType = text.json; path = transfers.json; sourceTree = "<group>"; };
		647335282FE081B10010EDB7 /* ValidationError.swift */ = {isa = PBXFileReference; lastKnownFileType = sourcecode.swift; path = ValidationError.swift; sourceTree = "<group>"; };
		6473352A2FE081B30010EDB7 /* TransferError.swift */ = {isa = PBXFileReference; lastKnownFileType = sourcecode.swift; path = TransferError.swift; sourceTree = "<group>"; };
		6473352C2FE081B50010EDB7 /* LoadState.swift */ = {isa = PBXFileReference; lastKnownFileType = sourcecode.swift; path = LoadState.swift; sourceTree = "<group>"; };
		6473352E2FE081B70010EDB7 /* OperationState.swift */ = {isa = PBXFileReference; lastKnownFileType = sourcecode.swift; path = OperationState.swift; sourceTree = "<group>"; };
		647335302FE081B90010EDB7 /* TransferSubmissionUseCase.swift */ = {isa = PBXFileReference; lastKnownFileType = sourcecode.swift; path = TransferSubmissionUseCase.swift; sourceTree = "<group>"; };
		647335342FE081C10010EDB7 /* AppDependencyContainer.swift */ = {isa = PBXFileReference; lastKnownFileType = sourcecode.swift; path = AppDependencyContainer.swift; sourceTree = "<group>"; };
		647335362FE081C30010EDB7 /* AppTab.swift */ = {isa = PBXFileReference; lastKnownFileType = sourcecode.swift; path = AppTab.swift; sourceTree = "<group>"; };
		647335462FE081DD0010EDB7 /* FormUtilities.swift */ = {isa = PBXFileReference; lastKnownFileType = sourcecode.swift; path = FormUtilities.swift; sourceTree = "<group>"; };
		647335A22FE082010010EDB7 /* AppColors.swift */ = {isa = PBXFileReference; lastKnownFileType = sourcecode.swift; path = AppColors.swift; sourceTree = "<group>"; };
		647335A42FE082030010EDB7 /* AppFonts.swift */ = {isa = PBXFileReference; lastKnownFileType = sourcecode.swift; path = AppFonts.swift; sourceTree = "<group>"; };
		647335A62FE082050010EDB7 /* AppSpacing.swift */ = {isa = PBXFileReference; lastKnownFileType = sourcecode.swift; path = AppSpacing.swift; sourceTree = "<group>"; };
		647335A82FE082070010EDB7 /* AppAppearance.swift */ = {isa = PBXFileReference; lastKnownFileType = sourcecode.swift; path = AppAppearance.swift; sourceTree = "<group>"; };
		647335AA2FE082090010EDB7 /* UserProfile.swift */ = {isa = PBXFileReference; lastKnownFileType = sourcecode.swift; path = UserProfile.swift; sourceTree = "<group>"; };
		647335AC2FE0820B0010EDB7 /* TransferStatistics.swift */ = {isa = PBXFileReference; lastKnownFileType = sourcecode.swift; path = TransferStatistics.swift; sourceTree = "<group>"; };
		647335AE2FE0820D0010EDB7 /* UserProfileService.swift */ = {isa = PBXFileReference; lastKnownFileType = sourcecode.swift; path = UserProfileService.swift; sourceTree = "<group>"; };
		647335B02FE0820F0010EDB7 /* TransferStatisticsService.swift */ = {isa = PBXFileReference; lastKnownFileType = sourcecode.swift; path = TransferStatisticsService.swift; sourceTree = "<group>"; };
		647335B22FE082110010EDB7 /* SectionHeader.swift */ = {isa = PBXFileReference; lastKnownFileType = sourcecode.swift; path = SectionHeader.swift; sourceTree = "<group>"; };
		647335B42FE082130010EDB7 /* PrimaryButton.swift */ = {isa = PBXFileReference; lastKnownFileType = sourcecode.swift; path = PrimaryButton.swift; sourceTree = "<group>"; };
		647335B62FE082150010EDB7 /* InfoCard.swift */ = {isa = PBXFileReference; lastKnownFileType = sourcecode.swift; path = InfoCard.swift; sourceTree = "<group>"; };
		647335B82FE082170010EDB7 /* BalanceCard.swift */ = {isa = PBXFileReference; lastKnownFileType = sourcecode.swift; path = BalanceCard.swift; sourceTree = "<group>"; };
		647335BA2FE082190010EDB7 /* TransferRow.swift */ = {isa = PBXFileReference; lastKnownFileType = sourcecode.swift; path = TransferRow.swift; sourceTree = "<group>"; };
		647335BC2FE0821B0010EDB7 /* DashboardViewModel.swift */ = {isa = PBXFileReference; lastKnownFileType = sourcecode.swift; path = DashboardViewModel.swift; sourceTree = "<group>"; };
		647335BE2FE0821D0010EDB7 /* TransferHistoryViewModel.swift */ = {isa = PBXFileReference; lastKnownFileType = sourcecode.swift; path = TransferHistoryViewModel.swift; sourceTree = "<group>"; };
		647335C02FE0821F0010EDB7 /* ProfileViewModel.swift */ = {isa = PBXFileReference; lastKnownFileType = sourcecode.swift; path = ProfileViewModel.swift; sourceTree = "<group>"; };
		647335C22FE082210010EDB7 /* DashboardView.swift */ = {isa = PBXFileReference; lastKnownFileType = sourcecode.swift; path = DashboardView.swift; sourceTree = "<group>"; };
		647335C42FE082230010EDB7 /* ProfileView.swift */ = {isa = PBXFileReference; lastKnownFileType = sourcecode.swift; path = ProfileView.swift; sourceTree = "<group>"; };
		647335C62FE082250010EDB7 /* TransferSuccessView.swift */ = {isa = PBXFileReference; lastKnownFileType = sourcecode.swift; path = TransferSuccessView.swift; sourceTree = "<group>"; };
/* End PBXFileReference section */

/* Begin PBXFrameworksBuildPhase section */
		6466ED232FE0791B00FFBCF8 /* Frameworks */ = {
			isa = PBXFrameworksBuildPhase;
			buildActionMask = 2147483647;
			files = (
			);
			runOnlyForDeploymentPostprocessing = 0;
		};
/* End PBXFrameworksBuildPhase section */

/* Begin PBXGroup section */
		6466ED1D2FE0791B00FFBCF8 = {
			isa = PBXGroup;
			children = (
				647334FD2FE07FDC0010EDB7 /* TransferApp */,
				6466ED272FE0791B00FFBCF8 /* Products */,
				C58A76678FB607DF696B4562 /* Frameworks */,
			);
			sourceTree = "<group>";
		};
		6466ED272FE0791B00FFBCF8 /* Products */ = {
			isa = PBXGroup;
			children = (
				6466ED262FE0791B00FFBCF8 /* TransferApp.app */,
			);
			name = Products;
			sourceTree = "<group>";
		};
		647334FD2FE07FDC0010EDB7 /* TransferApp */ = {
			isa = PBXGroup;
			children = (
				647335C72FE082260010EDB7 /* Theme */,
				647335C82FE082270010EDB7 /* Components */,
				647335C92FE082280010EDB7 /* Network */,
				647335252FE081900010EDB7 /* Services */,
				647335312FE081BA0010EDB7 /* UseCases */,
				647335322FE081BB0010EDB7 /* Domain */,
				647335062FE080510010EDB7 /* Utils */,
				647335052FE080450010EDB7 /* Resources */,
				647335042FE080340010EDB7 /* ViewModels */,
				647335032FE0802F0010EDB7 /* Views */,
				647335022FE07FF30010EDB7 /* Models */,
				647335012FE07FEF0010EDB7 /* App */,
				647334FA2FE07FDC0010EDB7 /* Assets.xcassets */,
			);
			path = TransferApp;
			sourceTree = "<group>";
		};
		647335012FE07FEF0010EDB7 /* App */ = {
			isa = PBXGroup;
			children = (
				647334FC2FE07FDC0010EDB7 /* TransferAppApp.swift */,
				647335342FE081C10010EDB7 /* AppDependencyContainer.swift */,
				647335362FE081C30010EDB7 /* AppTab.swift */,
			);
			path = App;
			sourceTree = "<group>";
		};
		647335022FE07FF30010EDB7 /* Models */ = {
			isa = PBXGroup;
			children = (
				647335072FE080AA0010EDB7 /* Transfer.swift */,
				647335AA2FE082090010EDB7 /* UserProfile.swift */,
				647335AC2FE0820B0010EDB7 /* TransferStatistics.swift */,
			);
			path = Models;
			sourceTree = "<group>";
		};
		647335032FE0802F0010EDB7 /* Views */ = {
			isa = PBXGroup;
			children = (
				647335C22FE082210010EDB7 /* DashboardView.swift */,
				647335112FE080F10010EDB7 /* TransferDetailView.swift */,
				6473350F2FE080EC0010EDB7 /* TransferHistoryView.swift */,
				6473350D2FE080E60010EDB7 /* TransferRecapView.swift */,
				647335C62FE082250010EDB7 /* TransferSuccessView.swift */,
				6473350B2FE080D40010EDB7 /* CreateTransferView.swift */,
				647335C42FE082230010EDB7 /* ProfileView.swift */,
				647334FB2FE07FDC0010EDB7 /* ContentView.swift */,
			);
			path = Views;
			sourceTree = "<group>";
		};
		647335042FE080340010EDB7 /* ViewModels */ = {
			isa = PBXGroup;
			children = (
				647335092FE080C30010EDB7 /* CreateTransferViewModel.swift */,
				647335142FE081010010EDB7 /* TransferRecapViewModel.swift */,
				647335BC2FE0821B0010EDB7 /* DashboardViewModel.swift */,
				647335BE2FE0821D0010EDB7 /* TransferHistoryViewModel.swift */,
				647335C02FE0821F0010EDB7 /* ProfileViewModel.swift */,
			);
			path = ViewModels;
			sourceTree = "<group>";
		};
		647335052FE080450010EDB7 /* Resources */ = {
			isa = PBXGroup;
			children = (
				647335242FE081810010EDB7 /* transfers.json */,
			);
			path = Resources;
			sourceTree = "<group>";
		};
		647335062FE080510010EDB7 /* Utils */ = {
			isa = PBXGroup;
			children = (
				647335202FE081610010EDB7 /* TransferFormatting.swift */,
			);
			path = Utils;
			sourceTree = "<group>";
		};
		647335252FE081900010EDB7 /* Services */ = {
			isa = PBXGroup;
			children = (
				6473351C2FE081410010EDB7 /* TransferPersistenceService.swift */,
				6473351E2FE081510010EDB7 /* TransferHistoryStore.swift */,
				647335AE2FE0820D0010EDB7 /* UserProfileService.swift */,
				647335B02FE0820F0010EDB7 /* TransferStatisticsService.swift */,
			);
			path = Services;
			sourceTree = "<group>";
		};
		647335312FE081BA0010EDB7 /* UseCases */ = {
			isa = PBXGroup;
			children = (
				647335302FE081B90010EDB7 /* TransferSubmissionUseCase.swift */,
			);
			path = UseCases;
			sourceTree = "<group>";
		};
		647335322FE081BB0010EDB7 /* Domain */ = {
			isa = PBXGroup;
			children = (
				647335162FE081110010EDB7 /* TransferFormValidation.swift */,
				647335282FE081B10010EDB7 /* ValidationError.swift */,
				6473352A2FE081B30010EDB7 /* TransferError.swift */,
				6473352C2FE081B50010EDB7 /* LoadState.swift */,
				6473352E2FE081B70010EDB7 /* OperationState.swift */,
			);
			path = Domain;
			sourceTree = "<group>";
		};
		647335C72FE082260010EDB7 /* Theme */ = {
			isa = PBXGroup;
			children = (
				647335A22FE082010010EDB7 /* AppColors.swift */,
				647335A42FE082030010EDB7 /* AppFonts.swift */,
				647335A62FE082050010EDB7 /* AppSpacing.swift */,
				647335A82FE082070010EDB7 /* AppAppearance.swift */,
			);
			path = Theme;
			sourceTree = "<group>";
		};
		647335C82FE082270010EDB7 /* Components */ = {
			isa = PBXGroup;
			children = (
				647335B22FE082110010EDB7 /* SectionHeader.swift */,
				647335B42FE082130010EDB7 /* PrimaryButton.swift */,
				647335B62FE082150010EDB7 /* InfoCard.swift */,
				647335B82FE082170010EDB7 /* BalanceCard.swift */,
				647335BA2FE082190010EDB7 /* TransferRow.swift */,
				647335462FE081DD0010EDB7 /* FormUtilities.swift */,
			);
			path = Components;
			sourceTree = "<group>";
		};
		647335C92FE082280010EDB7 /* Network */ = {
			isa = PBXGroup;
			children = (
				647335182FE081210010EDB7 /* NetworkingService.swift */,
				6473351A2FE081310010EDB7 /* LocalJSONNetworkingService.swift */,
			);
			path = Network;
			sourceTree = "<group>";
		};
		C58A76678FB607DF696B4562 /* Frameworks */ = {
			isa = PBXGroup;
			children = (
				3F325F149C335D7F132A03F2 /* Pods_TransferApp.framework */,
			);
			name = Frameworks;
			sourceTree = "<group>";
		};
/* End PBXGroup section */

/* Begin PBXNativeTarget section */
		6466ED252FE0791B00FFBCF8 /* TransferApp */ = {
			isa = PBXNativeTarget;
			buildConfigurationList = 6466ED312FE0791D00FFBCF8 /* Build configuration list for PBXNativeTarget "TransferApp" */;
			buildPhases = (
				6466ED222FE0791B00FFBCF8 /* Sources */,
				6466ED232FE0791B00FFBCF8 /* Frameworks */,
				6466ED242FE0791B00FFBCF8 /* Resources */,
			);
			buildRules = (
			);
			dependencies = (
			);
			name = TransferApp;
			productName = TransferApp;
			productReference = 6466ED262FE0791B00FFBCF8 /* TransferApp.app */;
			productType = "com.apple.product-type.application";
		};
/* End PBXNativeTarget section */

/* Begin PBXProject section */
		6466ED1E2FE0791B00FFBCF8 /* Project object */ = {
			isa = PBXProject;
			attributes = {
				BuildIndependentTargetsInParallel = 1;
				LastSwiftUpdateCheck = 2610;
				LastUpgradeCheck = 2610;
				TargetAttributes = {
					6466ED252FE0791B00FFBCF8 = {
						CreatedOnToolsVersion = 26.1.1;
					};
				};
			};
			buildConfigurationList = 6466ED212FE0791B00FFBCF8 /* Build configuration list for PBXProject "TransferApp" */;
			developmentRegion = en;
			hasScannedForEncodings = 0;
			knownRegions = (
				en,
				Base,
			);
			mainGroup = 6466ED1D2FE0791B00FFBCF8;
			minimizedProjectReferenceProxies = 1;
			preferredProjectObjectVersion = 77;
			productRefGroup = 6466ED272FE0791B00FFBCF8 /* Products */;
			projectDirPath = "";
			projectRoot = "";
			targets = (
				6466ED252FE0791B00FFBCF8 /* TransferApp */,
			);
		};
/* End PBXProject section */

/* Begin PBXResourcesBuildPhase section */
		6466ED242FE0791B00FFBCF8 /* Resources */ = {
			isa = PBXResourcesBuildPhase;
			buildActionMask = 2147483647;
			files = (
				647334FE2FE07FDC0010EDB7 /* Assets.xcassets in Resources */,
				647335232FE081800010EDB7 /* transfers.json in Resources */,
			);
			runOnlyForDeploymentPostprocessing = 0;
		};
/* End PBXResourcesBuildPhase section */

/* Begin PBXSourcesBuildPhase section */
		6466ED222FE0791B00FFBCF8 /* Sources */ = {
			isa = PBXSourcesBuildPhase;
			buildActionMask = 2147483647;
			files = (
				647334FF2FE07FDC0010EDB7 /* ContentView.swift in Sources */,
				6473350E2FE080E70010EDB7 /* TransferRecapView.swift in Sources */,
				647335082FE080B10010EDB7 /* Transfer.swift in Sources */,
				647335002FE07FDC0010EDB7 /* TransferAppApp.swift in Sources */,
				6473350C2FE080D60010EDB7 /* CreateTransferView.swift in Sources */,
				647335102FE080ED0010EDB7 /* TransferHistoryView.swift in Sources */,
				647335122FE080F20010EDB7 /* TransferDetailView.swift in Sources */,
				6473350A2FE080C40010EDB7 /* CreateTransferViewModel.swift in Sources */,
				647335132FE081000010EDB7 /* TransferRecapViewModel.swift in Sources */,
				647335152FE081100010EDB7 /* TransferFormValidation.swift in Sources */,
				647335172FE081200010EDB7 /* NetworkingService.swift in Sources */,
				647335192FE081300010EDB7 /* LocalJSONNetworkingService.swift in Sources */,
				6473351B2FE081400010EDB7 /* TransferPersistenceService.swift in Sources */,
				6473351D2FE081500010EDB7 /* TransferHistoryStore.swift in Sources */,
				647335272FE081B00010EDB7 /* ValidationError.swift in Sources */,
				647335292FE081B20010EDB7 /* TransferError.swift in Sources */,
				6473352B2FE081B40010EDB7 /* LoadState.swift in Sources */,
				6473352D2FE081B60010EDB7 /* OperationState.swift in Sources */,
				6473352F2FE081B80010EDB7 /* TransferSubmissionUseCase.swift in Sources */,
				6473351F2FE081600010EDB7 /* TransferFormatting.swift in Sources */,
				647335332FE081C00010EDB7 /* AppDependencyContainer.swift in Sources */,
				647335352FE081C20010EDB7 /* AppTab.swift in Sources */,
				647335372FE081C40010EDB7 /* FormUtilities.swift in Sources */,
				647335A12FE082000010EDB7 /* AppColors.swift in Sources */,
				647335A32FE082020010EDB7 /* AppFonts.swift in Sources */,
				647335A52FE082040010EDB7 /* AppSpacing.swift in Sources */,
				647335A72FE082060010EDB7 /* AppAppearance.swift in Sources */,
				647335A92FE082080010EDB7 /* UserProfile.swift in Sources */,
				647335AB2FE0820A0010EDB7 /* TransferStatistics.swift in Sources */,
				647335AD2FE0820C0010EDB7 /* UserProfileService.swift in Sources */,
				647335AF2FE0820E0010EDB7 /* TransferStatisticsService.swift in Sources */,
				647335B12FE082100010EDB7 /* SectionHeader.swift in Sources */,
				647335B32FE082120010EDB7 /* PrimaryButton.swift in Sources */,
				647335B52FE082140010EDB7 /* InfoCard.swift in Sources */,
				647335B72FE082160010EDB7 /* BalanceCard.swift in Sources */,
				647335B92FE082180010EDB7 /* TransferRow.swift in Sources */,
				647335BB2FE0821A0010EDB7 /* DashboardViewModel.swift in Sources */,
				647335BD2FE0821C0010EDB7 /* TransferHistoryViewModel.swift in Sources */,
				647335BF2FE0821E0010EDB7 /* ProfileViewModel.swift in Sources */,
				647335C12FE082200010EDB7 /* DashboardView.swift in Sources */,
				647335C32FE082220010EDB7 /* ProfileView.swift in Sources */,
				647335C52FE082240010EDB7 /* TransferSuccessView.swift in Sources */,
			);
			runOnlyForDeploymentPostprocessing = 0;
		};
/* End PBXSourcesBuildPhase section */

/* Begin XCBuildConfiguration section */
		6466ED2F2FE0791D00FFBCF8 /* Debug */ = {
			isa = XCBuildConfiguration;
			buildSettings = {
				ALWAYS_SEARCH_USER_PATHS = NO;
				ASSETCATALOG_COMPILER_GENERATE_SWIFT_ASSET_SYMBOL_EXTENSIONS = YES;
				CLANG_ANALYZER_NONNULL = YES;
				CLANG_ANALYZER_NUMBER_OBJECT_CONVERSION = YES_AGGRESSIVE;
				CLANG_CXX_LANGUAGE_STANDARD = "gnu++20";
				CLANG_ENABLE_MODULES = YES;
				CLANG_ENABLE_OBJC_ARC = YES;
				CLANG_ENABLE_OBJC_WEAK = YES;
				CLANG_WARN_BLOCK_CAPTURE_AUTORELEASING = YES;
				CLANG_WARN_BOOL_CONVERSION = YES;
				CLANG_WARN_COMMA = YES;
				CLANG_WARN_CONSTANT_CONVERSION = YES;
				CLANG_WARN_DEPRECATED_OBJC_IMPLEMENTATIONS = YES;
				CLANG_WARN_DIRECT_OBJC_ISA_USAGE = YES_ERROR;
				CLANG_WARN_DOCUMENTATION_COMMENTS = YES;
				CLANG_WARN_EMPTY_BODY = YES;
				CLANG_WARN_ENUM_CONVERSION = YES;
				CLANG_WARN_INFINITE_RECURSION = YES;
				CLANG_WARN_INT_CONVERSION = YES;
				CLANG_WARN_NON_LITERAL_NULL_CONVERSION = YES;
				CLANG_WARN_OBJC_IMPLICIT_RETAIN_SELF = YES;
				CLANG_WARN_OBJC_LITERAL_CONVERSION = YES;
				CLANG_WARN_OBJC_ROOT_CLASS = YES_ERROR;
				CLANG_WARN_QUOTED_INCLUDE_IN_FRAMEWORK_HEADER = YES;
				CLANG_WARN_RANGE_LOOP_ANALYSIS = YES;
				CLANG_WARN_STRICT_PROTOTYPES = YES;
				CLANG_WARN_SUSPICIOUS_MOVE = YES;
				CLANG_WARN_UNGUARDED_AVAILABILITY = YES_AGGRESSIVE;
				CLANG_WARN_UNREACHABLE_CODE = YES;
				CLANG_WARN__DUPLICATE_METHOD_MATCH = YES;
				COPY_PHASE_STRIP = NO;
				DEBUG_INFORMATION_FORMAT = dwarf;
				ENABLE_STRICT_OBJC_MSGSEND = YES;
				ENABLE_TESTABILITY = YES;
				ENABLE_USER_SCRIPT_SANDBOXING = NO;
				GCC_C_LANGUAGE_STANDARD = gnu17;
				GCC_DYNAMIC_NO_PIC = NO;
				GCC_NO_COMMON_BLOCKS = YES;
				GCC_OPTIMIZATION_LEVEL = 0;
				GCC_PREPROCESSOR_DEFINITIONS = (
					"DEBUG=1",
					"$(inherited)",
				);
				GCC_WARN_64_TO_32_BIT_CONVERSION = YES;
				GCC_WARN_ABOUT_RETURN_TYPE = YES_ERROR;
				GCC_WARN_UNDECLARED_SELECTOR = YES;
				GCC_WARN_UNINITIALIZED_AUTOS = YES_AGGRESSIVE;
				GCC_WARN_UNUSED_FUNCTION = YES;
				GCC_WARN_UNUSED_VARIABLE = YES;
				LOCALIZATION_PREFERS_STRING_CATALOGS = YES;
				MTL_ENABLE_DEBUG_INFO = INCLUDE_SOURCE;
				MTL_FAST_MATH = YES;
				ONLY_ACTIVE_ARCH = YES;
				SWIFT_ACTIVE_COMPILATION_CONDITIONS = "DEBUG $(inherited)";
				SWIFT_OPTIMIZATION_LEVEL = "-Onone";
			};
			name = Debug;
		};
		6466ED302FE0791D00FFBCF8 /* Release */ = {
			isa = XCBuildConfiguration;
			buildSettings = {
				ALWAYS_SEARCH_USER_PATHS = NO;
				ASSETCATALOG_COMPILER_GENERATE_SWIFT_ASSET_SYMBOL_EXTENSIONS = YES;
				CLANG_ANALYZER_NONNULL = YES;
				CLANG_ANALYZER_NUMBER_OBJECT_CONVERSION = YES_AGGRESSIVE;
				CLANG_CXX_LANGUAGE_STANDARD = "gnu++20";
				CLANG_ENABLE_MODULES = YES;
				CLANG_ENABLE_OBJC_ARC = YES;
				CLANG_ENABLE_OBJC_WEAK = YES;
				CLANG_WARN_BLOCK_CAPTURE_AUTORELEASING = YES;
				CLANG_WARN_BOOL_CONVERSION = YES;
				CLANG_WARN_COMMA = YES;
				CLANG_WARN_CONSTANT_CONVERSION = YES;
				CLANG_WARN_DEPRECATED_OBJC_IMPLEMENTATIONS = YES;
				CLANG_WARN_DIRECT_OBJC_ISA_USAGE = YES_ERROR;
				CLANG_WARN_DOCUMENTATION_COMMENTS = YES;
				CLANG_WARN_EMPTY_BODY = YES;
				CLANG_WARN_ENUM_CONVERSION = YES;
				CLANG_WARN_INFINITE_RECURSION = YES;
				CLANG_WARN_INT_CONVERSION = YES;
				CLANG_WARN_NON_LITERAL_NULL_CONVERSION = YES;
				CLANG_WARN_OBJC_IMPLICIT_RETAIN_SELF = YES;
				CLANG_WARN_OBJC_LITERAL_CONVERSION = YES;
				CLANG_WARN_OBJC_ROOT_CLASS = YES_ERROR;
				CLANG_WARN_QUOTED_INCLUDE_IN_FRAMEWORK_HEADER = YES;
				CLANG_WARN_RANGE_LOOP_ANALYSIS = YES;
				CLANG_WARN_STRICT_PROTOTYPES = YES;
				CLANG_WARN_SUSPICIOUS_MOVE = YES;
				CLANG_WARN_UNGUARDED_AVAILABILITY = YES_AGGRESSIVE;
				CLANG_WARN_UNREACHABLE_CODE = YES;
				CLANG_WARN__DUPLICATE_METHOD_MATCH = YES;
				COPY_PHASE_STRIP = NO;
				DEBUG_INFORMATION_FORMAT = "dwarf-with-dsym";
				ENABLE_NS_ASSERTIONS = NO;
				ENABLE_STRICT_OBJC_MSGSEND = YES;
				ENABLE_USER_SCRIPT_SANDBOXING = NO;
				GCC_C_LANGUAGE_STANDARD = gnu17;
				GCC_NO_COMMON_BLOCKS = YES;
				GCC_WARN_64_TO_32_BIT_CONVERSION = YES;
				GCC_WARN_ABOUT_RETURN_TYPE = YES_ERROR;
				GCC_WARN_UNDECLARED_SELECTOR = YES;
				GCC_WARN_UNINITIALIZED_AUTOS = YES_AGGRESSIVE;
				GCC_WARN_UNUSED_FUNCTION = YES;
				GCC_WARN_UNUSED_VARIABLE = YES;
				LOCALIZATION_PREFERS_STRING_CATALOGS = YES;
				MTL_ENABLE_DEBUG_INFO = NO;
				MTL_FAST_MATH = YES;
				SWIFT_COMPILATION_MODE = wholemodule;
			};
			name = Release;
		};
		6466ED322FE0791D00FFBCF8 /* Debug */ = {
			isa = XCBuildConfiguration;
			buildSettings = {
				ASSETCATALOG_COMPILER_APPICON_NAME = AppIcon;
				ASSETCATALOG_COMPILER_GLOBAL_ACCENT_COLOR_NAME = AccentColor;
				CODE_SIGN_STYLE = Automatic;
				CURRENT_PROJECT_VERSION = 1;
				ENABLE_APP_SANDBOX = YES;
				ENABLE_PREVIEWS = YES;
				ENABLE_USER_SELECTED_FILES = readonly;
				GENERATE_INFOPLIST_FILE = YES;
				"INFOPLIST_KEY_UIApplicationSceneManifest_Generation[sdk=iphoneos*]" = YES;
				"INFOPLIST_KEY_UIApplicationSceneManifest_Generation[sdk=iphonesimulator*]" = YES;
				"INFOPLIST_KEY_UIApplicationSupportsIndirectInputEvents[sdk=iphoneos*]" = YES;
				"INFOPLIST_KEY_UIApplicationSupportsIndirectInputEvents[sdk=iphonesimulator*]" = YES;
				"INFOPLIST_KEY_UILaunchScreen_Generation[sdk=iphoneos*]" = YES;
				"INFOPLIST_KEY_UILaunchScreen_Generation[sdk=iphonesimulator*]" = YES;
				"INFOPLIST_KEY_UIStatusBarStyle[sdk=iphoneos*]" = UIStatusBarStyleDefault;
				"INFOPLIST_KEY_UIStatusBarStyle[sdk=iphonesimulator*]" = UIStatusBarStyleDefault;
				INFOPLIST_KEY_UISupportedInterfaceOrientations_iPad = "UIInterfaceOrientationPortrait UIInterfaceOrientationPortraitUpsideDown UIInterfaceOrientationLandscapeLeft UIInterfaceOrientationLandscapeRight";
				INFOPLIST_KEY_UISupportedInterfaceOrientations_iPhone = "UIInterfaceOrientationPortrait UIInterfaceOrientationLandscapeLeft UIInterfaceOrientationLandscapeRight";
				IPHONEOS_DEPLOYMENT_TARGET = 26.1;
				LD_RUNPATH_SEARCH_PATHS = "@executable_path/Frameworks";
				"LD_RUNPATH_SEARCH_PATHS[sdk=macosx*]" = "@executable_path/../Frameworks";
				MACOSX_DEPLOYMENT_TARGET = 15.7;
				MARKETING_VERSION = 1.0;
				PRODUCT_BUNDLE_IDENTIFIER = com.babelTechnicalTest.TransferApp.TransferApp;
				PRODUCT_NAME = "$(TARGET_NAME)";
				REGISTER_APP_GROUPS = YES;
				SDKROOT = auto;
				STRING_CATALOG_GENERATE_SYMBOLS = YES;
				SUPPORTED_PLATFORMS = "iphoneos iphonesimulator macosx xros xrsimulator";
				SWIFT_APPROACHABLE_CONCURRENCY = YES;
				SWIFT_DEFAULT_ACTOR_ISOLATION = MainActor;
				SWIFT_EMIT_LOC_STRINGS = YES;
				SWIFT_UPCOMING_FEATURE_MEMBER_IMPORT_VISIBILITY = YES;
				SWIFT_VERSION = 5.0;
				TARGETED_DEVICE_FAMILY = "1,2,7";
				XROS_DEPLOYMENT_TARGET = 26.1;
			};
			name = Debug;
		};
		6466ED332FE0791D00FFBCF8 /* Release */ = {
			isa = XCBuildConfiguration;
			buildSettings = {
				ASSETCATALOG_COMPILER_APPICON_NAME = AppIcon;
				ASSETCATALOG_COMPILER_GLOBAL_ACCENT_COLOR_NAME = AccentColor;
				CODE_SIGN_STYLE = Automatic;
				CURRENT_PROJECT_VERSION = 1;
				ENABLE_APP_SANDBOX = YES;
				ENABLE_PREVIEWS = YES;
				ENABLE_USER_SELECTED_FILES = readonly;
				GENERATE_INFOPLIST_FILE = YES;
				"INFOPLIST_KEY_UIApplicationSceneManifest_Generation[sdk=iphoneos*]" = YES;
				"INFOPLIST_KEY_UIApplicationSceneManifest_Generation[sdk=iphonesimulator*]" = YES;
				"INFOPLIST_KEY_UIApplicationSupportsIndirectInputEvents[sdk=iphoneos*]" = YES;
				"INFOPLIST_KEY_UIApplicationSupportsIndirectInputEvents[sdk=iphonesimulator*]" = YES;
				"INFOPLIST_KEY_UILaunchScreen_Generation[sdk=iphoneos*]" = YES;
				"INFOPLIST_KEY_UILaunchScreen_Generation[sdk=iphonesimulator*]" = YES;
				"INFOPLIST_KEY_UIStatusBarStyle[sdk=iphoneos*]" = UIStatusBarStyleDefault;
				"INFOPLIST_KEY_UIStatusBarStyle[sdk=iphonesimulator*]" = UIStatusBarStyleDefault;
				INFOPLIST_KEY_UISupportedInterfaceOrientations_iPad = "UIInterfaceOrientationPortrait UIInterfaceOrientationPortraitUpsideDown UIInterfaceOrientationLandscapeLeft UIInterfaceOrientationLandscapeRight";
				INFOPLIST_KEY_UISupportedInterfaceOrientations_iPhone = "UIInterfaceOrientationPortrait UIInterfaceOrientationLandscapeLeft UIInterfaceOrientationLandscapeRight";
				IPHONEOS_DEPLOYMENT_TARGET = 26.1;
				LD_RUNPATH_SEARCH_PATHS = "@executable_path/Frameworks";
				"LD_RUNPATH_SEARCH_PATHS[sdk=macosx*]" = "@executable_path/../Frameworks";
				MACOSX_DEPLOYMENT_TARGET = 15.7;
				MARKETING_VERSION = 1.0;
				PRODUCT_BUNDLE_IDENTIFIER = com.babelTechnicalTest.TransferApp.TransferApp;
				PRODUCT_NAME = "$(TARGET_NAME)";
				REGISTER_APP_GROUPS = YES;
				SDKROOT = auto;
				STRING_CATALOG_GENERATE_SYMBOLS = YES;
				SUPPORTED_PLATFORMS = "iphoneos iphonesimulator macosx xros xrsimulator";
				SWIFT_APPROACHABLE_CONCURRENCY = YES;
				SWIFT_DEFAULT_ACTOR_ISOLATION = MainActor;
				SWIFT_EMIT_LOC_STRINGS = YES;
				SWIFT_UPCOMING_FEATURE_MEMBER_IMPORT_VISIBILITY = YES;
				SWIFT_VERSION = 5.0;
				TARGETED_DEVICE_FAMILY = "1,2,7";
				XROS_DEPLOYMENT_TARGET = 26.1;
			};
			name = Release;
		};
/* End XCBuildConfiguration section */

/* Begin XCConfigurationList section */
		6466ED212FE0791B00FFBCF8 /* Build configuration list for PBXProject "TransferApp" */ = {
			isa = XCConfigurationList;
			buildConfigurations = (
				6466ED2F2FE0791D00FFBCF8 /* Debug */,
				6466ED302FE0791D00FFBCF8 /* Release */,
			);
			defaultConfigurationIsVisible = 0;
			defaultConfigurationName = Release;
		};
		6466ED312FE0791D00FFBCF8 /* Build configuration list for PBXNativeTarget "TransferApp" */ = {
			isa = XCConfigurationList;
			buildConfigurations = (
				6466ED322FE0791D00FFBCF8 /* Debug */,
				6466ED332FE0791D00FFBCF8 /* Release */,
			);
			defaultConfigurationIsVisible = 0;
			defaultConfigurationName = Release;
		};
/* End XCConfigurationList section */
	};
	rootObject = 6466ED1E2FE0791B00FFBCF8 /* Project object */;
}
